
Microsoft Visual Studio Solution File, Format Version 12.00
# Visual Studio Version 17
VisualStudioVersion = 17.9.34616.47
MinimumVisualStudioVersion = 10.0.40219.1
Project("{FAE04EC0-301F-11D3-BF4B-00C04F79EFBC}") = "LoginReg", "LoginReg\LoginReg.csproj", "{9FE1467B-1567-42DC-99DA-B152928C1BCC}"
EndProject
Global
	GlobalSection(SolutionConfigurationPlatforms) = preSolution
		Debug|Any CPU = Debug|Any CPU
		Release|Any CPU = Release|Any CPU
	EndGlobalSection
	GlobalSection(ProjectConfigurationPlatforms) = postSolution
		{9FE1467B-1567-42DC-99DA-B152928C1BCC}.Debug|Any CPU.ActiveCfg = Debug|Any CPU
		{9FE1467B-1567-42DC-99DA-B152928C1BCC}.Debug|Any CPU.Build.0 = Debug|Any CPU
		{9FE1467B-1567-42DC-99DA-B152928C1BCC}.Release|Any CPU.ActiveCfg = Release|Any CPU
		{9FE1467B-1567-42DC-99DA-B152928C1BCC}.Release|Any CPU.Build.0 = Release|Any CPU
	EndGlobalSection
	GlobalSection(SolutionProperties) = preSolution
		HideSolutionNode = FALSE
	EndGlobalSection
	GlobalSection(ExtensibilityGlobals) = postSolution
		SolutionGuid = {C1CE0C4D-CF10-416B-892D-680A35E67450}
	EndGlobalSection
EndGlobal
